{
  "name": "foe-2s",
  "version": "1.0.0",
  "lockfileVersion": 1,
  "requires": true,
  "dependencies": {
    "@orbit/coordinator": {
      "version": "0.16.5",
      "resolved": "https://registry.npmjs.org/@orbit/coordinator/-/coordinator-0.16.5.tgz",
      "integrity": "sha512-GupOoLT5CstDxDeozpe88mywB+kFfBzg2fP4XyyaSGtH5sdDvSpE4UUbkoiL7zsKQkykrEsGrnkSFp+b/X8pTg==",
      "requires": {
        "@orbit/core": "^0.16.3",
        "@orbit/data": "^0.16.5",
        "@orbit/utils": "^0.16.3"
      }
    },
    "@orbit/core": {
      "version": "0.16.3",
      "resolved": "https://registry.npmjs.org/@orbit/core/-/core-0.16.3.tgz",
      "integrity": "sha512-E4g4twgp8eg6440w3Mjc4+xP+SnyHx2UaDvxLrWx0rV579/jy7zxx98vQxW//lTuU/AXEycKZ3FVzrRDRN/3Cw==",
      "requires": {
        "@orbit/utils": "^0.16.3"
      }
    },
    "@orbit/data": {
      "version": "0.16.5",
      "resolved": "https://registry.npmjs.org/@orbit/data/-/data-0.16.5.tgz",
      "integrity": "sha512-v1RV8Nb5VM8NOsS80MmwxZi/CwOlFrhOHhs0fD10pkO6vAT08LxbyZAKLN0QddURcAjImy/ghuXi8Rsx0iHznA==",
      "requires": {
        "@orbit/core": "^0.16.3",
        "@orbit/utils": "^0.16.3"
      }
    },
    "@orbit/immutable": {
      "version": "0.16.3",
      "resolved": "https://registry.npmjs.org/@orbit/immutable/-/immutable-0.16.3.tgz",
      "integrity": "sha512-8osDM0MvNxNcylNiNeWBELTG2F2kfQ3AnKgfEDp1jZmBF5KCdeRYNJZ1b+taaHJhaFQGP+Rxd+D1oPF7ubkb3w=="
    },
    "@orbit/indexeddb": {
      "version": "0.16.5",
      "resolved": "https://registry.npmjs.org/@orbit/indexeddb/-/indexeddb-0.16.5.tgz",
      "integrity": "sha512-vqcD2dFl10q5NUH3z9Lf6Cj8OpfcNQMwbbz1Hk0SoHeclykwvuHC+uKUCIZrbOHHE4r3F/MWlZkq9VEmfwgoYw==",
      "requires": {
        "@orbit/core": "^0.16.3",
        "@orbit/data": "^0.16.5",
        "@orbit/record-cache": "^0.16.5",
        "@orbit/utils": "^0.16.3"
      }
    },
    "@orbit/memory": {
      "version": "0.16.5",
      "resolved": "https://registry.npmjs.org/@orbit/memory/-/memory-0.16.5.tgz",
      "integrity": "sha512-P4eSlUIap4Z4X4/elDrt7Mv0++SC+cZTx5vCj6C5d6E0ke75gQNItOYuynRcyNODlVTfjThFch61oUOHz5a4kA==",
      "requires": {
        "@orbit/core": "^0.16.3",
        "@orbit/data": "^0.16.5",
        "@orbit/immutable": "^0.16.3",
        "@orbit/record-cache": "^0.16.5",
        "@orbit/utils": "^0.16.3"
      }
    },
    "@orbit/record-cache": {
      "version": "0.16.5",
      "resolved": "https://registry.npmjs.org/@orbit/record-cache/-/record-cache-0.16.5.tgz",
      "integrity": "sha512-hM2hzeU3XqQikKb72EaLjYSFTuKUXguJeT48DlALkOsdfLMpDTKYyc0RjnNebSbVCzY+kDdOYb2l+4PchkGacg==",
      "requires": {
        "@orbit/core": "^0.16.3",
        "@orbit/data": "^0.16.5",
        "@orbit/utils": "^0.16.3"
      }
    },
    "@orbit/utils": {
      "version": "0.16.3",
      "resolved": "https://registry.npmjs.org/@orbit/utils/-/utils-0.16.3.tgz",
      "integrity": "sha512-JSF9xVRUEWugGtcR9mFOCzsMLphWMh/8xAe0FOuEpyyBFxBlWLuovatg/cwvlHo7AJh3J5StiiJXmBecTk/m6A=="
    },
    "@rollup/plugin-multi-entry": {
      "version": "3.0.1",
      "resolved": "https://registry.npmjs.org/@rollup/plugin-multi-entry/-/plugin-multi-entry-3.0.1.tgz",
      "integrity": "sha512-Gcp9E8y68Kx+Jo8zy/ZpiiAkb0W01cSqnxOz6h9bPR7MU3gaoTEdRf7xXYplwli1SBFEswXX588ESj+50Brfxw==",
      "dev": true,
      "requires": {
        "matched": "^1.0.2"
      }
    },
    "@rollup/plugin-node-resolve": {
      "version": "8.0.0",
      "resolved": "https://registry.npmjs.org/@rollup/plugin-node-resolve/-/plugin-node-resolve-8.0.0.tgz",
      "integrity": "sha512-5poJCChrkVggXXND/sQ7yNqwjUNT4fP31gpRWCnSNnlXuUXTCMHT33xZrTGxgjm5Rl18MHj7iEzlCT8rYWwQSA==",
      "dev": true,
      "requires": {
        "@rollup/pluginutils": "^3.0.8",
        "@types/resolve": "0.0.8",
        "builtin-modules": "^3.1.0",
        "deep-freeze": "^0.0.1",
        "deepmerge": "^4.2.2",
        "is-module": "^1.0.0",
        "resolve": "^1.14.2"
      }
    },
    "@rollup/plugin-typescript": {
      "version": "4.1.2",
      "resolved": "https://registry.npmjs.org/@rollup/plugin-typescript/-/plugin-typescript-4.1.2.tgz",
      "integrity": "sha512-+7UlGat/99e2JbmGNnIauxwEhYLwrL7adO/tSJxUN57xrrS3Ps+ZzYpLCDGPZJ57j+ZJTZLLN89KXW9JMEB+jg==",
      "dev": true,
      "requires": {
        "@rollup/pluginutils": "^3.0.1",
        "resolve": "^1.14.1"
      }
    },
    "@rollup/pluginutils": {
      "version": "3.0.10",
      "resolved": "https://registry.npmjs.org/@rollup/pluginutils/-/pluginutils-3.0.10.tgz",
      "integrity": "sha512-d44M7t+PjmMrASHbhgpSbVgtL6EFyX7J4mYxwQ/c5eoaE6N2VgCgEcWVzNnwycIloti+/MpwFr8qfw+nRw00sw==",
      "dev": true,
      "requires": {
        "@types/estree": "0.0.39",
        "estree-walker": "^1.0.1",
        "picomatch": "^2.2.2"
      }
    },
    "@types/estree": {
      "version": "0.0.39",
      "resolved": "https://registry.npmjs.org/@types/estree/-/estree-0.0.39.tgz",
      "integrity": "sha512-EYNwp3bU+98cpU4lAWYYL7Zz+2gryWH1qbdDTidVd6hkiR6weksdbMadyXKXNPEkQFhXM+hVO9ZygomHXp+AIw==",
      "dev": true
    },
    "@types/node": {
      "version": "14.0.6",
      "resolved": "https://registry.npmjs.org/@types/node/-/node-14.0.6.tgz",
      "integrity": "sha512-FbNmu4F67d3oZMWBV6Y4MaPER+0EpE9eIYf2yaHhCWovc1dlXCZkqGX4NLHfVVr6umt20TNBdRzrNJIzIKfdbw==",
      "dev": true
    },
    "@types/resolve": {
      "version": "0.0.8",
      "resolved": "https://registry.npmjs.org/@types/resolve/-/resolve-0.0.8.tgz",
      "integrity": "sha512-auApPaJf3NPfe18hSoJkp8EbZzer2ISk7o8mCC3M9he/a04+gbMF97NkpD2S8riMGvm4BMRI59/SZQSaLTKpsQ==",
      "dev": true,
      "requires": {
        "@types/node": "*"
      }
    },
    "arr-union": {
      "version": "3.1.0",
      "resolved": "https://registry.npmjs.org/arr-union/-/arr-union-3.1.0.tgz",
      "integrity": "sha1-45sJrqne+Gao8gbiiK9jkZuuOcQ=",
      "dev": true
    },
    "async-array-reduce": {
      "version": "0.2.1",
      "resolved": "https://registry.npmjs.org/async-array-reduce/-/async-array-reduce-0.2.1.tgz",
      "integrity": "sha1-yL4BCitc0A3qlsgRFgNGk9/dgtE=",
      "dev": true
    },
    "balanced-match": {
      "version": "1.0.0",
      "resolved": "https://registry.npmjs.org/balanced-match/-/balanced-match-1.0.0.tgz",
      "integrity": "sha1-ibTRmasr7kneFk6gK4nORi1xt2c=",
      "dev": true
    },
    "brace-expansion": {
      "version": "1.1.11",
      "resolved": "https://registry.npmjs.org/brace-expansion/-/brace-expansion-1.1.11.tgz",
      "integrity": "sha512-iCuPHDFgrHX7H2vEI/5xpz07zSHB00TpugqhmYtVmMO6518mCuRMoOYFldEBl0g187ufozdaHgWKcYFb61qGiA==",
      "dev": true,
      "requires": {
        "balanced-match": "^1.0.0",
        "concat-map": "0.0.1"
      }
    },
    "builtin-modules": {
      "version": "3.1.0",
      "resolved": "https://registry.npmjs.org/builtin-modules/-/builtin-modules-3.1.0.tgz",
      "integrity": "sha512-k0KL0aWZuBt2lrxrcASWDfwOLMnodeQjodT/1SxEQAXsHANgo6ZC/VEaSEHCXt7aSTZ4/4H5LKa+tBXmW7Vtvw==",
      "dev": true
    },
    "concat-map": {
      "version": "0.0.1",
      "resolved": "https://registry.npmjs.org/concat-map/-/concat-map-0.0.1.tgz",
      "integrity": "sha1-2Klr13/Wjfd5OnMDajug1UBdR3s=",
      "dev": true
    },
    "deep-freeze": {
      "version": "0.0.1",
      "resolved": "https://registry.npmjs.org/deep-freeze/-/deep-freeze-0.0.1.tgz",
      "integrity": "sha1-OgsABd4YZygZ39OM0x+RF5yJPoQ=",
      "dev": true
    },
    "deepmerge": {
      "version": "4.2.2",
      "resolved": "https://registry.npmjs.org/deepmerge/-/deepmerge-4.2.2.tgz",
      "integrity": "sha512-FJ3UgI4gIl+PHZm53knsuSFpE+nESMr7M4v9QcgB7S63Kj/6WqMiFQJpBBYz1Pt+66bZpP3Q7Lye0Oo9MPKEdg==",
      "dev": true
    },
    "estree-walker": {
      "version": "1.0.1",
      "resolved": "https://registry.npmjs.org/estree-walker/-/estree-walker-1.0.1.tgz",
      "integrity": "sha512-1fMXF3YP4pZZVozF8j/ZLfvnR8NSIljt56UhbZ5PeeDmmGHpgpdwQt7ITlGvYaQukCvuBRMLEiKiYC+oeIg4cg==",
      "dev": true
    },
    "expand-tilde": {
      "version": "2.0.2",
      "resolved": "https://registry.npmjs.org/expand-tilde/-/expand-tilde-2.0.2.tgz",
      "integrity": "sha1-l+gBqgUt8CRU3kawK/YhZCzchQI=",
      "dev": true,
      "requires": {
        "homedir-polyfill": "^1.0.1"
      }
    },
    "fs.realpath": {
      "version": "1.0.0",
      "resolved": "https://registry.npmjs.org/fs.realpath/-/fs.realpath-1.0.0.tgz",
      "integrity": "sha1-FQStJSMVjKpA20onh8sBQRmU6k8=",
      "dev": true
    },
    "glob": {
      "version": "7.1.6",
      "resolved": "https://registry.npmjs.org/glob/-/glob-7.1.6.tgz",
      "integrity": "sha512-LwaxwyZ72Lk7vZINtNNrywX0ZuLyStrdDtabefZKAY5ZGJhVtgdznluResxNmPitE0SAO+O26sWTHeKSI2wMBA==",
      "dev": true,
      "requires": {
        "fs.realpath": "^1.0.0",
        "inflight": "^1.0.4",
        "inherits": "2",
        "minimatch": "^3.0.4",
        "once": "^1.3.0",
        "path-is-absolute": "^1.0.0"
      }
    },
    "global-modules": {
      "version": "1.0.0",
      "resolved": "https://registry.npmjs.org/global-modules/-/global-modules-1.0.0.tgz",
      "integrity": "sha512-sKzpEkf11GpOFuw0Zzjzmt4B4UZwjOcG757PPvrfhxcLFbq0wpsgpOqxpxtxFiCG4DtG93M6XRVbF2oGdev7bg==",
      "dev": true,
      "requires": {
        "global-prefix": "^1.0.1",
        "is-windows": "^1.0.1",
        "resolve-dir": "^1.0.0"
      }
    },
    "global-prefix": {
      "version": "1.0.2",
      "resolved": "https://registry.npmjs.org/global-prefix/-/global-prefix-1.0.2.tgz",
      "integrity": "sha1-2/dDxsFJklk8ZVVoy2btMsASLr4=",
      "dev": true,
      "requires": {
        "expand-tilde": "^2.0.2",
        "homedir-polyfill": "^1.0.1",
        "ini": "^1.3.4",
        "is-windows": "^1.0.1",
        "which": "^1.2.14"
      }
    },
    "has-glob": {
      "version": "1.0.0",
      "resolved": "https://registry.npmjs.org/has-glob/-/has-glob-1.0.0.tgz",
      "integrity": "sha1-mqqe7b/7G6OZCnsAEPtnjuAIEgc=",
      "dev": true,
      "requires": {
        "is-glob": "^3.0.0"
      }
    },
    "heimdalljs": {
      "version": "0.2.6",
      "resolved": "https://registry.npmjs.org/heimdalljs/-/heimdalljs-0.2.6.tgz",
      "integrity": "sha512-o9bd30+5vLBvBtzCPwwGqpry2+n0Hi6H1+qwt6y+0kwRHGGF8TFIhJPmnuM0xO97zaKrDZMwO/V56fAnn8m/tA==",
      "dev": true,
      "requires": {
        "rsvp": "~3.2.1"
      },
      "dependencies": {
        "rsvp": {
          "version": "3.2.1",
          "resolved": "https://registry.npmjs.org/rsvp/-/rsvp-3.2.1.tgz",
          "integrity": "sha1-B8tKXfJa3Z6Cbrxn3Mn9idsn2Eo=",
          "dev": true
        }
      }
    },
    "homedir-polyfill": {
      "version": "1.0.3",
      "resolved": "https://registry.npmjs.org/homedir-polyfill/-/homedir-polyfill-1.0.3.tgz",
      "integrity": "sha512-eSmmWE5bZTK2Nou4g0AI3zZ9rswp7GRKoKXS1BLUkvPviOqs4YTN1djQIqrXy9k5gEtdLPy86JjRwsNM9tnDcA==",
      "dev": true,
      "requires": {
        "parse-passwd": "^1.0.0"
      }
    },
    "inflight": {
      "version": "1.0.6",
      "resolved": "https://registry.npmjs.org/inflight/-/inflight-1.0.6.tgz",
      "integrity": "sha1-Sb1jMdfQLQwJvJEKEHW6gWW1bfk=",
      "dev": true,
      "requires": {
        "once": "^1.3.0",
        "wrappy": "1"
      }
    },
    "inherits": {
      "version": "2.0.4",
      "resolved": "https://registry.npmjs.org/inherits/-/inherits-2.0.4.tgz",
      "integrity": "sha512-k/vGaX4/Yla3WzyMCvTQOXYeIHvqOKtnqBduzTHpzpQZzAskKMhZ2K+EnBiSM9zGSoIFeMpXKxa4dYeZIQqewQ==",
      "dev": true
    },
    "ini": {
      "version": "1.3.5",
      "resolved": "https://registry.npmjs.org/ini/-/ini-1.3.5.tgz",
      "integrity": "sha512-RZY5huIKCMRWDUqZlEi72f/lmXKMvuszcMBduliQ3nnWbx9X/ZBQO7DijMEYS9EhHBb2qacRUMtC7svLwe0lcw==",
      "dev": true
    },
    "is-extglob": {
      "version": "2.1.1",
      "resolved": "https://registry.npmjs.org/is-extglob/-/is-extglob-2.1.1.tgz",
      "integrity": "sha1-qIwCU1eR8C7TfHahueqXc8gz+MI=",
      "dev": true
    },
    "is-glob": {
      "version": "3.1.0",
      "resolved": "https://registry.npmjs.org/is-glob/-/is-glob-3.1.0.tgz",
      "integrity": "sha1-e6WuJCF4BKxwcHuWkiVnSGzD6Eo=",
      "dev": true,
      "requires": {
        "is-extglob": "^2.1.0"
      }
    },
    "is-module": {
      "version": "1.0.0",
      "resolved": "https://registry.npmjs.org/is-module/-/is-module-1.0.0.tgz",
      "integrity": "sha1-Mlj7afeMFNW4FdZkM2tM/7ZEFZE=",
      "dev": true
    },
    "is-valid-glob": {
      "version": "1.0.0",
      "resolved": "https://registry.npmjs.org/is-valid-glob/-/is-valid-glob-1.0.0.tgz",
      "integrity": "sha1-Kb8+/3Ab4tTTFdusw5vDn+j2Aao=",
      "dev": true
    },
    "is-windows": {
      "version": "1.0.2",
      "resolved": "https://registry.npmjs.org/is-windows/-/is-windows-1.0.2.tgz",
      "integrity": "sha512-eXK1UInq2bPmjyX6e3VHIzMLobc4J94i4AWn+Hpq3OU5KkrRC96OAcR3PRJ/pGu6m8TRnBHP9dkXQVsT/COVIA==",
      "dev": true
    },
    "isexe": {
      "version": "2.0.0",
      "resolved": "https://registry.npmjs.org/isexe/-/isexe-2.0.0.tgz",
      "integrity": "sha1-6PvzdNxVb/iUehDcsFctYz8s+hA=",
      "dev": true
    },
    "matched": {
      "version": "1.0.2",
      "resolved": "https://registry.npmjs.org/matched/-/matched-1.0.2.tgz",
      "integrity": "sha512-7ivM1jFZVTOOS77QsR+TtYHH0ecdLclMkqbf5qiJdX2RorqfhsL65QHySPZgDE0ZjHoh+mQUNHTanNXIlzXd0Q==",
      "dev": true,
      "requires": {
        "arr-union": "^3.1.0",
        "async-array-reduce": "^0.2.1",
        "glob": "^7.1.2",
        "has-glob": "^1.0.0",
        "is-valid-glob": "^1.0.0",
        "resolve-dir": "^1.0.0"
      }
    },
    "minimatch": {
      "version": "3.0.4",
      "resolved": "https://registry.npmjs.org/minimatch/-/minimatch-3.0.4.tgz",
      "integrity": "sha512-yJHVQEhyqPLUTgt9B83PXu6W3rx4MvvHvSUvToogpwoGDOUQ+yDrR0HRot+yOCdCO7u4hX3pWft6kWBBcqh0UA==",
      "dev": true,
      "requires": {
        "brace-expansion": "^1.1.7"
      }
    },
    "once": {
      "version": "1.4.0",
      "resolved": "https://registry.npmjs.org/once/-/once-1.4.0.tgz",
      "integrity": "sha1-WDsap3WWHUsROsF9nFC6753Xa9E=",
      "dev": true,
      "requires": {
        "wrappy": "1"
      }
    },
    "parse-passwd": {
      "version": "1.0.0",
      "resolved": "https://registry.npmjs.org/parse-passwd/-/parse-passwd-1.0.0.tgz",
      "integrity": "sha1-bVuTSkVpk7I9N/QKOC1vFmao5cY=",
      "dev": true
    },
    "path-is-absolute": {
      "version": "1.0.1",
      "resolved": "https://registry.npmjs.org/path-is-absolute/-/path-is-absolute-1.0.1.tgz",
      "integrity": "sha1-F0uSaHNVNP+8es5r9TpanhtcX18=",
      "dev": true
    },
    "path-parse": {
      "version": "1.0.6",
      "resolved": "https://registry.npmjs.org/path-parse/-/path-parse-1.0.6.tgz",
      "integrity": "sha512-GSmOT2EbHrINBf9SR7CDELwlJ8AENk3Qn7OikK4nFYAu3Ote2+JYNVvkpAEQm3/TLNEJFD/xZJjzyxg3KBWOzw==",
      "dev": true
    },
    "picomatch": {
      "version": "2.2.2",
      "resolved": "https://registry.npmjs.org/picomatch/-/picomatch-2.2.2.tgz",
      "integrity": "sha512-q0M/9eZHzmr0AulXyPwNfZjtwZ/RBZlbN3K3CErVrk50T2ASYI7Bye0EvekFY3IP1Nt2DHu0re+V2ZHIpMkuWg==",
      "dev": true
    },
    "require-relative": {
      "version": "0.8.7",
      "resolved": "https://registry.npmjs.org/require-relative/-/require-relative-0.8.7.tgz",
      "integrity": "sha1-eZlTn8ngR6N5KPoZb44VY9q9Nt4=",
      "dev": true
    },
    "resolve": {
      "version": "1.17.0",
      "resolved": "https://registry.npmjs.org/resolve/-/resolve-1.17.0.tgz",
      "integrity": "sha512-ic+7JYiV8Vi2yzQGFWOkiZD5Z9z7O2Zhm9XMaTxdJExKasieFCr+yXZ/WmXsckHiKl12ar0y6XiXDx3m4RHn1w==",
      "dev": true,
      "requires": {
        "path-parse": "^1.0.6"
      }
    },
    "resolve-dir": {
      "version": "1.0.1",
      "resolved": "https://registry.npmjs.org/resolve-dir/-/resolve-dir-1.0.1.tgz",
      "integrity": "sha1-eaQGRMNivoLybv/nOcm7U4IEb0M=",
      "dev": true,
      "requires": {
        "expand-tilde": "^2.0.0",
        "global-modules": "^1.0.0"
      }
    },
    "rollup-plugin-svelte": {
      "version": "5.2.2",
      "resolved": "https://registry.npmjs.org/rollup-plugin-svelte/-/rollup-plugin-svelte-5.2.2.tgz",
      "integrity": "sha512-I+TJ2T+VLKGbKQcpeMJ4AR2ciROqTZNjxbiMiH4Cn1yByaB9OEuy3CnrgHHuWatQcPuF3yIViyKX7OlETWDKOQ==",
      "dev": true,
      "requires": {
        "require-relative": "^0.8.7",
        "rollup-pluginutils": "^2.8.2",
        "sourcemap-codec": "^1.4.8"
      }
    },
    "rollup-pluginutils": {
      "version": "2.8.2",
      "resolved": "https://registry.npmjs.org/rollup-pluginutils/-/rollup-pluginutils-2.8.2.tgz",
      "integrity": "sha512-EEp9NhnUkwY8aif6bxgovPHMoMoNr2FulJziTndpt5H9RdwC47GSGuII9XxpSdzVGM0GWrNPHV6ie1LTNJPaLQ==",
      "dev": true,
      "requires": {
        "estree-walker": "^0.6.1"
      },
      "dependencies": {
        "estree-walker": {
          "version": "0.6.1",
          "resolved": "https://registry.npmjs.org/estree-walker/-/estree-walker-0.6.1.tgz",
          "integrity": "sha512-SqmZANLWS0mnatqbSfRP5g8OXZC12Fgg1IwNtLsyHDzJizORW4khDfjPqJZsemPWBB2uqykUah5YpQ6epsqC/w==",
          "dev": true
        }
      }
    },
    "rsvp": {
      "version": "4.8.5",
      "resolved": "https://registry.npmjs.org/rsvp/-/rsvp-4.8.5.tgz",
      "integrity": "sha512-nfMOlASu9OnRJo1mbEk2cz0D56a1MBNrJ7orjRZQG10XDyuvwksKbuXNp6qa+kbn839HwjwhBzhFmdsaEAfauA==",
      "dev": true
    },
    "sourcemap-codec": {
      "version": "1.4.8",
      "resolved": "https://registry.npmjs.org/sourcemap-codec/-/sourcemap-codec-1.4.8.tgz",
      "integrity": "sha512-9NykojV5Uih4lgo5So5dtw+f0JgJX30KCNI8gwhz2J9A15wD0Ml6tjHKwf6fTSa6fAdVBdZeNOs9eJ71qCk8vA==",
      "dev": true
    },
    "svelte": {
      "version": "3.49.0",
      "resolved": "https://registry.npmjs.org/svelte/-/svelte-3.49.0.tgz",
      "integrity": "sha512-+lmjic1pApJWDfPCpUUTc1m8azDqYCG1JN9YEngrx/hUyIcFJo6VZhj0A1Ai0wqoHcEIuQy+e9tk+4uDgdtsFA==",
      "dev": true
    },
    "svelte-table": {
      "version": "0.1.9",
      "resolved": "https://registry.npmjs.org/svelte-table/-/svelte-table-0.1.9.tgz",
      "integrity": "sha512-4AVzPzvpoEwwMWeBDHKhNl9Hy0jieJqQvm8RB3M3CUYUtbkaBSC2s7PQKcmmHqN0eTd38sze2lyRcUsIF8vqxw=="
    },
    "tslib": {
      "version": "2.0.0",
      "resolved": "https://registry.npmjs.org/tslib/-/tslib-2.0.0.tgz",
      "integrity": "sha512-lTqkx847PI7xEDYJntxZH89L2/aXInsyF2luSafe/+0fHOMjlBNXdH6th7f70qxLDhul7KZK0zC8V5ZIyHl0/g==",
      "dev": true
    },
    "typescript": {
      "version": "3.9.3",
      "resolved": "https://registry.npmjs.org/typescript/-/typescript-3.9.3.tgz",
      "integrity": "sha512-D/wqnB2xzNFIcoBG9FG8cXRDjiqSTbG2wd8DMZeQyJlP1vfTkIxH4GKveWaEBYySKIg+USu+E+EDIR47SqnaMQ==",
      "dev": true
    },
    "which": {
      "version": "1.3.1",
      "resolved": "https://registry.npmjs.org/which/-/which-1.3.1.tgz",
      "integrity": "sha512-HxJdYWq1MTIQbJ3nw0cqssHoTNU267KlrDuGZ1WYlxDStUtKUhOaJmh112/TZmHxxUfuJqPXSOm7tDyas0OSIQ==",
      "dev": true,
      "requires": {
        "isexe": "^2.0.0"
      }
    },
    "wrappy": {
      "version": "1.0.2",
      "resolved": "https://registry.npmjs.org/wrappy/-/wrappy-1.0.2.tgz",
      "integrity": "sha1-tSQ9jz7BqjXxNkYFvA0QNuMKtp8=",
      "dev": true
    }
  }
}
